// !$*UTF8*$!
{
	archiveVersion = 1;
	classes = {
	};
	objectVersion = 50;
	objects = {

/* Begin PBXBuildFile section */
		654F00422139540200141A21 /* LexerTests.swift in Sources */ = {isa = PBXBuildFile; fileRef = 654F00412139540200141A21 /* LexerTests.swift */; };
		654F00442139540200141A21 /* DotfileParser.framework in Frameworks */ = {isa = PBXBuildFile; fileRef = 65E27147211CE16100A90FC1 /* DotfileParser.framework */; };
		654F004B213955FF00141A21 /* dotfile in Resources */ = {isa = PBXBuildFile; fileRef = 654F004A213955FF00141A21 /* dotfile */; };
		65521CB5211F1BF600A77D23 /* Language.swift in Sources */ = {isa = PBXBuildFile; fileRef = 65521CB4211F1BF600A77D23 /* Language.swift */; };
		6557B36221175B9100B203E0 /* Axis.swift in Sources */ = {isa = PBXBuildFile; fileRef = 6557B36121175B9100B203E0 /* Axis.swift */; };
		6557B3642117667900B203E0 /* Geometry.swift in Sources */ = {isa = PBXBuildFile; fileRef = 6557B3632117667900B203E0 /* Geometry.swift */; };
		6565E181213DA550009C81B1 /* Controller.swift in Sources */ = {isa = PBXBuildFile; fileRef = 6565E180213DA550009C81B1 /* Controller.swift */; };
		659AE78F2139D67E00C2E7D2 /* String+Regex.swift in Sources */ = {isa = PBXBuildFile; fileRef = 659AE78E2139D67E00C2E7D2 /* String+Regex.swift */; };
		659AE7912139E75F00C2E7D2 /* AST.swift in Sources */ = {isa = PBXBuildFile; fileRef = 659AE7902139E75F00C2E7D2 /* AST.swift */; };
		659AE7932139ED7A00C2E7D2 /* ParserTests.swift in Sources */ = {isa = PBXBuildFile; fileRef = 659AE7922139ED7A00C2E7D2 /* ParserTests.swift */; };
		659AE795213A0D8A00C2E7D2 /* main.swift in Sources */ = {isa = PBXBuildFile; fileRef = 659AE794213A0D8A00C2E7D2 /* main.swift */; };
		659AE799213A1BC400C2E7D2 /* AppController.swift in Sources */ = {isa = PBXBuildFile; fileRef = 659AE798213A1BC400C2E7D2 /* AppController.swift */; };
		659AE79B213A1CAF00C2E7D2 /* MenuController.swift in Sources */ = {isa = PBXBuildFile; fileRef = 659AE79A213A1CAF00C2E7D2 /* MenuController.swift */; };
		659AE79D213ABFF200C2E7D2 /* HotKeyController.swift in Sources */ = {isa = PBXBuildFile; fileRef = 659AE79C213ABFF200C2E7D2 /* HotKeyController.swift */; };
		659AE79F213ACDD600C2E7D2 /* Modifer+ModifierFlags.swift in Sources */ = {isa = PBXBuildFile; fileRef = 659AE79E213ACDD600C2E7D2 /* Modifer+ModifierFlags.swift */; };
		659AE7A1213ADB5A00C2E7D2 /* FocusController.swift in Sources */ = {isa = PBXBuildFile; fileRef = 659AE7A0213ADB5A00C2E7D2 /* FocusController.swift */; };
		65B3BCFC211E46E900F20D57 /* CaseIterable.swift in Sources */ = {isa = PBXBuildFile; fileRef = 65B3BCFB211E46E900F20D57 /* CaseIterable.swift */; };
		65B3BCFE211F055200F20D57 /* Parser.swift in Sources */ = {isa = PBXBuildFile; fileRef = 65B3BCFD211F055200F20D57 /* Parser.swift */; };
		65E2715C211CE16200A90FC1 /* DotfileParser.framework in Frameworks */ = {isa = PBXBuildFile; fileRef = 65E27147211CE16100A90FC1 /* DotfileParser.framework */; };
		65E2715D211CE16200A90FC1 /* DotfileParser.framework in Embed Frameworks */ = {isa = PBXBuildFile; fileRef = 65E27147211CE16100A90FC1 /* DotfileParser.framework */; settings = {ATTRIBUTES = (CodeSignOnCopy, RemoveHeadersOnCopy, ); }; };
		65E27165211CE17C00A90FC1 /* Lexer.swift in Sources */ = {isa = PBXBuildFile; fileRef = 65E27164211CE17C00A90FC1 /* Lexer.swift */; };
		65E27167211CE9EA00A90FC1 /* Dotfile.swift in Sources */ = {isa = PBXBuildFile; fileRef = 65E27166211CE9EA00A90FC1 /* Dotfile.swift */; };
		65FE6F65211640C1009BECBD /* AppDelegate.swift in Sources */ = {isa = PBXBuildFile; fileRef = 65FE6F64211640C1009BECBD /* AppDelegate.swift */; };
		65FE6F67211640C2009BECBD /* Assets.xcassets in Resources */ = {isa = PBXBuildFile; fileRef = 65FE6F66211640C2009BECBD /* Assets.xcassets */; };
		65FE6F8E211646A8009BECBD /* WindowLayout.framework in Frameworks */ = {isa = PBXBuildFile; fileRef = 65FE6F79211646A7009BECBD /* WindowLayout.framework */; };
		65FE6F8F211646A8009BECBD /* WindowLayout.framework in Embed Frameworks */ = {isa = PBXBuildFile; fileRef = 65FE6F79211646A7009BECBD /* WindowLayout.framework */; settings = {ATTRIBUTES = (CodeSignOnCopy, RemoveHeadersOnCopy, ); }; };
		65FE6F9A211646C2009BECBD /* Window.swift in Sources */ = {isa = PBXBuildFile; fileRef = 65FE6F97211646C2009BECBD /* Window.swift */; };
		65FE6F9B211646C2009BECBD /* Screen.swift in Sources */ = {isa = PBXBuildFile; fileRef = 65FE6F98211646C2009BECBD /* Screen.swift */; };
		65FE6F9C211646C2009BECBD /* Direction.swift in Sources */ = {isa = PBXBuildFile; fileRef = 65FE6F99211646C2009BECBD /* Direction.swift */; };
		65FE6F9E21164A35009BECBD /* HotKey.framework in Frameworks */ = {isa = PBXBuildFile; fileRef = 65FE6F9D21164A35009BECBD /* HotKey.framework */; };
		65FE6F9F21164A35009BECBD /* HotKey.framework in Embed Frameworks */ = {isa = PBXBuildFile; fileRef = 65FE6F9D21164A35009BECBD /* HotKey.framework */; settings = {ATTRIBUTES = (CodeSignOnCopy, RemoveHeadersOnCopy, ); }; };
		65FE6FA221164A63009BECBD /* HotKey.framework.dSYM in CopyFiles */ = {isa = PBXBuildFile; fileRef = 65FE6FA121164A62009BECBD /* HotKey.framework.dSYM */; };
		65FE6FA4211652EE009BECBD /* WindowInfo.swift in Sources */ = {isa = PBXBuildFile; fileRef = 65FE6FA3211652EE009BECBD /* WindowInfo.swift */; };
		65FE6FA621166397009BECBD /* Accessibility.swift in Sources */ = {isa = PBXBuildFile; fileRef = 65FE6FA521166397009BECBD /* Accessibility.swift */; };
/* End PBXBuildFile section */

/* Begin PBXContainerItemProxy section */
		654F00452139540200141A21 /* PBXContainerItemProxy */ = {
			isa = PBXContainerItemProxy;
			containerPortal = 65FE6F59211640C1009BECBD /* Project object */;
			proxyType = 1;
			remoteGlobalIDString = 65E27146211CE16100A90FC1;
			remoteInfo = DotfileParser;
		};
		65E2715A211CE16200A90FC1 /* PBXContainerItemProxy */ = {
			isa = PBXContainerItemProxy;
			containerPortal = 65FE6F59211640C1009BECBD /* Project object */;
			proxyType = 1;
			remoteGlobalIDString = 65E27146211CE16100A90FC1;
			remoteInfo = DotfileParser;
		};
		65FE6F8C211646A8009BECBD /* PBXContainerItemProxy */ = {
			isa = PBXContainerItemProxy;
			containerPortal = 65FE6F59211640C1009BECBD /* Project object */;
			proxyType = 1;
			remoteGlobalIDString = 65FE6F78211646A7009BECBD;
			remoteInfo = WindowLayout;
		};
/* End PBXContainerItemProxy section */

/* Begin PBXCopyFilesBuildPhase section */
		65FE6F95211646A8009BECBD /* Embed Frameworks */ = {
			isa = PBXCopyFilesBuildPhase;
			buildActionMask = 2147483647;
			dstPath = "";
			dstSubfolderSpec = 10;
			files = (
				65E2715D211CE16200A90FC1 /* DotfileParser.framework in Embed Frameworks */,
				65FE6F9F21164A35009BECBD /* HotKey.framework in Embed Frameworks */,
				65FE6F8F211646A8009BECBD /* WindowLayout.framework in Embed Frameworks */,
			);
			name = "Embed Frameworks";
			runOnlyForDeploymentPostprocessing = 0;
		};
		65FE6FA021164A4A009BECBD /* CopyFiles */ = {
			isa = PBXCopyFilesBuildPhase;
			buildActionMask = 2147483647;
			dstPath = "";
			dstSubfolderSpec = 16;
			files = (
				65FE6FA221164A63009BECBD /* HotKey.framework.dSYM in CopyFiles */,
			);
			runOnlyForDeploymentPostprocessing = 0;
		};
/* End PBXCopyFilesBuildPhase section */

/* Begin PBXFileReference section */
		654F003F2139540200141A21 /* DotfileParserTests.xctest */ = {isa = PBXFileReference; explicitFileType = wrapper.cfbundle; includeInIndex = 0; path = DotfileParserTests.xctest; sourceTree = BUILT_PRODUCTS_DIR; };
		654F00412139540200141A21 /* LexerTests.swift */ = {isa = PBXFileReference; lastKnownFileType = sourcecode.swift; path = LexerTests.swift; sourceTree = "<group>"; };
		654F00432139540200141A21 /* Info.plist */ = {isa = PBXFileReference; lastKnownFileType = text.plist.xml; name = Info.plist; path = Tests/Info.plist; sourceTree = "<group>"; };
		654F004A213955FF00141A21 /* dotfile */ = {isa = PBXFileReference; lastKnownFileType = text; path = dotfile; sourceTree = "<group>"; };
		65521CB4211F1BF600A77D23 /* Language.swift */ = {isa = PBXFileReference; lastKnownFileType = sourcecode.swift; path = Language.swift; sourceTree = "<group>"; };
		6557B36121175B9100B203E0 /* Axis.swift */ = {isa = PBXFileReference; lastKnownFileType = sourcecode.swift; path = Axis.swift; sourceTree = "<group>"; };
		6557B3632117667900B203E0 /* Geometry.swift */ = {isa = PBXFileReference; lastKnownFileType = sourcecode.swift; path = Geometry.swift; sourceTree = "<group>"; };
		6565E180213DA550009C81B1 /* Controller.swift */ = {isa = PBXFileReference; lastKnownFileType = sourcecode.swift; path = Controller.swift; sourceTree = "<group>"; };
		659AE78E2139D67E00C2E7D2 /* String+Regex.swift */ = {isa = PBXFileReference; lastKnownFileType = sourcecode.swift; path = "String+Regex.swift"; sourceTree = "<group>"; };
		659AE7902139E75F00C2E7D2 /* AST.swift */ = {isa = PBXFileReference; lastKnownFileType = sourcecode.swift; path = AST.swift; sourceTree = "<group>"; };
		659AE7922139ED7A00C2E7D2 /* ParserTests.swift */ = {isa = PBXFileReference; lastKnownFileType = sourcecode.swift; path = ParserTests.swift; sourceTree = "<group>"; };
		659AE794213A0D8A00C2E7D2 /* main.swift */ = {isa = PBXFileReference; lastKnownFileType = sourcecode.swift; path = main.swift; sourceTree = "<group>"; };
		659AE798213A1BC400C2E7D2 /* AppController.swift */ = {isa = PBXFileReference; lastKnownFileType = sourcecode.swift; path = AppController.swift; sourceTree = "<group>"; };
		659AE79A213A1CAF00C2E7D2 /* MenuController.swift */ = {isa = PBXFileReference; lastKnownFileType = sourcecode.swift; path = MenuController.swift; sourceTree = "<group>"; };
		659AE79C213ABFF200C2E7D2 /* HotKeyController.swift */ = {isa = PBXFileReference; lastKnownFileType = sourcecode.swift; path = HotKeyController.swift; sourceTree = "<group>"; };
		659AE79E213ACDD600C2E7D2 /* Modifer+ModifierFlags.swift */ = {isa = PBXFileReference; lastKnownFileType = sourcecode.swift; path = "Modifer+ModifierFlags.swift"; sourceTree = "<group>"; };
		659AE7A0213ADB5A00C2E7D2 /* FocusController.swift */ = {isa = PBXFileReference; lastKnownFileType = sourcecode.swift; path = FocusController.swift; sourceTree = "<group>"; };
		65B3BCFB211E46E900F20D57 /* CaseIterable.swift */ = {isa = PBXFileReference; lastKnownFileType = sourcecode.swift; path = CaseIterable.swift; sourceTree = "<group>"; };
		65B3BCFD211F055200F20D57 /* Parser.swift */ = {isa = PBXFileReference; lastKnownFileType = sourcecode.swift; path = Parser.swift; sourceTree = "<group>"; };
		65E27147211CE16100A90FC1 /* DotfileParser.framework */ = {isa = PBXFileReference; explicitFileType = wrapper.framework; includeInIndex = 0; path = DotfileParser.framework; sourceTree = BUILT_PRODUCTS_DIR; };
		65E2714A211CE16100A90FC1 /* Info.plist */ = {isa = PBXFileReference; lastKnownFileType = text.plist.xml; name = Info.plist; path = ../Info.plist; sourceTree = "<group>"; };
		65E27164211CE17C00A90FC1 /* Lexer.swift */ = {isa = PBXFileReference; lastKnownFileType = sourcecode.swift; path = Lexer.swift; sourceTree = "<group>"; };
		65E27166211CE9EA00A90FC1 /* Dotfile.swift */ = {isa = PBXFileReference; lastKnownFileType = sourcecode.swift; path = Dotfile.swift; sourceTree = "<group>"; };
		65FE6F61211640C1009BECBD /* Fokus.app */ = {isa = PBXFileReference; explicitFileType = wrapper.application; includeInIndex = 0; path = Fokus.app; sourceTree = BUILT_PRODUCTS_DIR; };
		65FE6F64211640C1009BECBD /* AppDelegate.swift */ = {isa = PBXFileReference; lastKnownFileType = sourcecode.swift; path = AppDelegate.swift; sourceTree = "<group>"; };
		65FE6F66211640C2009BECBD /* Assets.xcassets */ = {isa = PBXFileReference; lastKnownFileType = folder.assetcatalog; path = Assets.xcassets; sourceTree = "<group>"; };
		65FE6F6B211640C2009BECBD /* Info.plist */ = {isa = PBXFileReference; lastKnownFileType = text.plist.xml; path = Info.plist; sourceTree = "<group>"; };
		65FE6F6C211640C2009BECBD /* Fokus.entitlements */ = {isa = PBXFileReference; lastKnownFileType = text.plist.entitlements; path = Fokus.entitlements; sourceTree = "<group>"; };
		65FE6F79211646A7009BECBD /* WindowLayout.framework */ = {isa = PBXFileReference; explicitFileType = wrapper.framework; includeInIndex = 0; path = WindowLayout.framework; sourceTree = BUILT_PRODUCTS_DIR; };
		65FE6F7C211646A7009BECBD /* Info.plist */ = {isa = PBXFileReference; lastKnownFileType = text.plist.xml; path = Info.plist; sourceTree = "<group>"; };
		65FE6F97211646C2009BECBD /* Window.swift */ = {isa = PBXFileReference; fileEncoding = 4; lastKnownFileType = sourcecode.swift; path = Window.swift; sourceTree = "<group>"; };
		65FE6F98211646C2009BECBD /* Screen.swift */ = {isa = PBXFileReference; fileEncoding = 4; lastKnownFileType = sourcecode.swift; path = Screen.swift; sourceTree = "<group>"; };
		65FE6F99211646C2009BECBD /* Direction.swift */ = {isa = PBXFileReference; fileEncoding = 4; lastKnownFileType = sourcecode.swift; path = Direction.swift; sourceTree = "<group>"; };
		65FE6F9D21164A35009BECBD /* HotKey.framework */ = {isa = PBXFileReference; lastKnownFileType = wrapper.framework; name = HotKey.framework; path = Carthage/Build/Mac/HotKey.framework; sourceTree = "<group>"; };
		65FE6FA121164A62009BECBD /* HotKey.framework.dSYM */ = {isa = PBXFileReference; lastKnownFileType = wrapper.dsym; name = HotKey.framework.dSYM; path = Carthage/Build/Mac/HotKey.framework.dSYM; sourceTree = "<group>"; };
		65FE6FA3211652EE009BECBD /* WindowInfo.swift */ = {isa = PBXFileReference; lastKnownFileType = sourcecode.swift; path = WindowInfo.swift; sourceTree = "<group>"; };
		65FE6FA521166397009BECBD /* Accessibility.swift */ = {isa = PBXFileReference; lastKnownFileType = sourcecode.swift; path = Accessibility.swift; sourceTree = "<group>"; };
/* End PBXFileReference section */

/* Begin PBXFrameworksBuildPhase section */
		654F003C2139540200141A21 /* Frameworks */ = {
			isa = PBXFrameworksBuildPhase;
			buildActionMask = 2147483647;
			files = (
				654F00442139540200141A21 /* DotfileParser.framework in Frameworks */,
			);
			runOnlyForDeploymentPostprocessing = 0;
		};
		65E27143211CE16100A90FC1 /* Frameworks */ = {
			isa = PBXFrameworksBuildPhase;
			buildActionMask = 2147483647;
			files = (
			);
			runOnlyForDeploymentPostprocessing = 0;
		};
		65FE6F5E211640C1009BECBD /* Frameworks */ = {
			isa = PBXFrameworksBuildPhase;
			buildActionMask = 2147483647;
			files = (
				65E2715C211CE16200A90FC1 /* DotfileParser.framework in Frameworks */,
				65FE6F9E21164A35009BECBD /* HotKey.framework in Frameworks */,
				65FE6F8E211646A8009BECBD /* WindowLayout.framework in Frameworks */,
			);
			runOnlyForDeploymentPostprocessing = 0;
		};
		65FE6F75211646A7009BECBD /* Frameworks */ = {
			isa = PBXFrameworksBuildPhase;
			buildActionMask = 2147483647;
			files = (
			);
			runOnlyForDeploymentPostprocessing = 0;
		};
/* End PBXFrameworksBuildPhase section */

/* Begin PBXGroup section */
		654F00402139540200141A21 /* Tests */ = {
			isa = PBXGroup;
			children = (
				65E2714A211CE16100A90FC1 /* Info.plist */,
				654F00412139540200141A21 /* LexerTests.swift */,
				659AE7922139ED7A00C2E7D2 /* ParserTests.swift */,
				654F004A213955FF00141A21 /* dotfile */,
			);
			path = Tests;
			sourceTree = "<group>";
		};
		6565E182213DA5FB009C81B1 /* App */ = {
			isa = PBXGroup;
			children = (
				659AE794213A0D8A00C2E7D2 /* main.swift */,
				65FE6F64211640C1009BECBD /* AppDelegate.swift */,
				659AE798213A1BC400C2E7D2 /* AppController.swift */,
			);
			path = App;
			sourceTree = "<group>";
		};
		6565E183213DA601009C81B1 /* Menu */ = {
			isa = PBXGroup;
			children = (
				659AE79A213A1CAF00C2E7D2 /* MenuController.swift */,
			);
			path = Menu;
			sourceTree = "<group>";
		};
		6565E184213DA609009C81B1 /* HotKeys */ = {
			isa = PBXGroup;
			children = (
				659AE79C213ABFF200C2E7D2 /* HotKeyController.swift */,
			);
			path = HotKeys;
			sourceTree = "<group>";
		};
		6565E185213DA60F009C81B1 /* Focus */ = {
			isa = PBXGroup;
			children = (
				659AE7A0213ADB5A00C2E7D2 /* FocusController.swift */,
				65FE6FA3211652EE009BECBD /* WindowInfo.swift */,
				65FE6FA521166397009BECBD /* Accessibility.swift */,
			);
			path = Focus;
			sourceTree = "<group>";
		};
		6565E186213DA735009C81B1 /* Common */ = {
			isa = PBXGroup;
			children = (
				6565E180213DA550009C81B1 /* Controller.swift */,
				659AE79E213ACDD600C2E7D2 /* Modifer+ModifierFlags.swift */,
			);
			path = Common;
			sourceTree = "<group>";
		};
		65E27148211CE16100A90FC1 /* DotfileParser */ = {
			isa = PBXGroup;
			children = (
				654F00402139540200141A21 /* Tests */,
				654F00432139540200141A21 /* Info.plist */,
				65E27166211CE9EA00A90FC1 /* Dotfile.swift */,
				65521CB4211F1BF600A77D23 /* Language.swift */,
				65E27164211CE17C00A90FC1 /* Lexer.swift */,
				659AE7902139E75F00C2E7D2 /* AST.swift */,
				65B3BCFD211F055200F20D57 /* Parser.swift */,
				659AE78E2139D67E00C2E7D2 /* String+Regex.swift */,
				65B3BCFB211E46E900F20D57 /* CaseIterable.swift */,
			);
			path = DotfileParser;
			sourceTree = "<group>";
		};
		65FE6F58211640C1009BECBD = {
			isa = PBXGroup;
			children = (
				65FE6F63211640C1009BECBD /* Fokus */,
				65FE6F7A211646A7009BECBD /* WindowLayout */,
				65E27148211CE16100A90FC1 /* DotfileParser */,
				65FE6F62211640C1009BECBD /* Products */,
				65FE6F9D21164A35009BECBD /* HotKey.framework */,
				65FE6FA121164A62009BECBD /* HotKey.framework.dSYM */,
			);
			sourceTree = "<group>";
		};
		65FE6F62211640C1009BECBD /* Products */ = {
			isa = PBXGroup;
			children = (
				65FE6F61211640C1009BECBD /* Fokus.app */,
				65FE6F79211646A7009BECBD /* WindowLayout.framework */,
				65E27147211CE16100A90FC1 /* DotfileParser.framework */,
				654F003F2139540200141A21 /* DotfileParserTests.xctest */,
			);
			name = Products;
			sourceTree = "<group>";
		};
		65FE6F63211640C1009BECBD /* Fokus */ = {
			isa = PBXGroup;
			children = (
				65FE6F6B211640C2009BECBD /* Info.plist */,
				65FE6F66211640C2009BECBD /* Assets.xcassets */,
				65FE6F6C211640C2009BECBD /* Fokus.entitlements */,
				6565E182213DA5FB009C81B1 /* App */,
				6565E186213DA735009C81B1 /* Common */,
				6565E183213DA601009C81B1 /* Menu */,
				6565E184213DA609009C81B1 /* HotKeys */,
				6565E185213DA60F009C81B1 /* Focus */,
			);
			path = Fokus;
			sourceTree = "<group>";
		};
		65FE6F7A211646A7009BECBD /* WindowLayout */ = {
			isa = PBXGroup;
			children = (
				65FE6F7C211646A7009BECBD /* Info.plist */,
				6557B36121175B9100B203E0 /* Axis.swift */,
				65FE6F99211646C2009BECBD /* Direction.swift */,
				6557B3632117667900B203E0 /* Geometry.swift */,
				65FE6F98211646C2009BECBD /* Screen.swift */,
				65FE6F97211646C2009BECBD /* Window.swift */,
			);
			path = WindowLayout;
			sourceTree = "<group>";
		};
/* End PBXGroup section */

/* Begin PBXHeadersBuildPhase section */
		65E27144211CE16100A90FC1 /* Headers */ = {
			isa = PBXHeadersBuildPhase;
			buildActionMask = 2147483647;
			files = (
			);
			runOnlyForDeploymentPostprocessing = 0;
		};
		65FE6F76211646A7009BECBD /* Headers */ = {
			isa = PBXHeadersBuildPhase;
			buildActionMask = 2147483647;
			files = (
			);
			runOnlyForDeploymentPostprocessing = 0;
		};
/* End PBXHeadersBuildPhase section */

/* Begin PBXNativeTarget section */
		654F003E2139540200141A21 /* DotfileParserTests */ = {
			isa = PBXNativeTarget;
			buildConfigurationList = 654F00492139540200141A21 /* Build configuration list for PBXNativeTarget "DotfileParserTests" */;
			buildPhases = (
				654F003B2139540200141A21 /* Sources */,
				654F003C2139540200141A21 /* Frameworks */,
				654F003D2139540200141A21 /* Resources */,
			);
			buildRules = (
			);
			dependencies = (
				654F00462139540200141A21 /* PBXTargetDependency */,
			);
			name = DotfileParserTests;
			productName = DotfileParserTests;
			productReference = 654F003F2139540200141A21 /* DotfileParserTests.xctest */;
			productType = "com.apple.product-type.bundle.unit-test";
		};
		65E27146211CE16100A90FC1 /* DotfileParser */ = {
			isa = PBXNativeTarget;
			buildConfigurationList = 65E2715E211CE16200A90FC1 /* Build configuration list for PBXNativeTarget "DotfileParser" */;
			buildPhases = (
				65E27142211CE16100A90FC1 /* Sources */,
				65E27143211CE16100A90FC1 /* Frameworks */,
				65E27144211CE16100A90FC1 /* Headers */,
				65E27145211CE16100A90FC1 /* Resources */,
			);
			buildRules = (
			);
			dependencies = (
			);
			name = DotfileParser;
			productName = DotfileParser;
			productReference = 65E27147211CE16100A90FC1 /* DotfileParser.framework */;
			productType = "com.apple.product-type.framework";
		};
		65FE6F60211640C1009BECBD /* Fokus */ = {
			isa = PBXNativeTarget;
			buildConfigurationList = 65FE6F6F211640C2009BECBD /* Build configuration list for PBXNativeTarget "Fokus" */;
			buildPhases = (
				65FE6F5D211640C1009BECBD /* Sources */,
				65FE6F5E211640C1009BECBD /* Frameworks */,
				65FE6F5F211640C1009BECBD /* Resources */,
				65FE6F95211646A8009BECBD /* Embed Frameworks */,
				65FE6FA021164A4A009BECBD /* CopyFiles */,
			);
			buildRules = (
			);
			dependencies = (
				65FE6F8D211646A8009BECBD /* PBXTargetDependency */,
				65E2715B211CE16200A90FC1 /* PBXTargetDependency */,
			);
			name = Fokus;
			productName = Focus;
			productReference = 65FE6F61211640C1009BECBD /* Fokus.app */;
			productType = "com.apple.product-type.application";
		};
		65FE6F78211646A7009BECBD /* WindowLayout */ = {
			isa = PBXNativeTarget;
			buildConfigurationList = 65FE6F94211646A8009BECBD /* Build configuration list for PBXNativeTarget "WindowLayout" */;
			buildPhases = (
				65FE6F74211646A7009BECBD /* Sources */,
				65FE6F75211646A7009BECBD /* Frameworks */,
				65FE6F76211646A7009BECBD /* Headers */,
				65FE6F77211646A7009BECBD /* Resources */,
			);
			buildRules = (
			);
			dependencies = (
			);
			name = WindowLayout;
			productName = WindowLayout;
			productReference = 65FE6F79211646A7009BECBD /* WindowLayout.framework */;
			productType = "com.apple.product-type.framework";
		};
/* End PBXNativeTarget section */

/* Begin PBXProject section */
		65FE6F59211640C1009BECBD /* Project object */ = {
			isa = PBXProject;
			attributes = {
				LastSwiftUpdateCheck = 0940;
				LastUpgradeCheck = 1010;
				ORGANIZATIONNAME = "Daniel Egger";
				TargetAttributes = {
					654F003E2139540200141A21 = {
						CreatedOnToolsVersion = 9.4.1;
						LastSwiftMigration = 1010;
					};
					65E27146211CE16100A90FC1 = {
						CreatedOnToolsVersion = 9.4.1;
						LastSwiftMigration = 1010;
					};
					65FE6F60211640C1009BECBD = {
						CreatedOnToolsVersion = 9.4.1;
						LastSwiftMigration = 1010;
					};
					65FE6F78211646A7009BECBD = {
						CreatedOnToolsVersion = 9.4.1;
						LastSwiftMigration = 1010;
					};
				};
			};
			buildConfigurationList = 65FE6F5C211640C1009BECBD /* Build configuration list for PBXProject "Fokus" */;
			compatibilityVersion = "Xcode 9.3";
			developmentRegion = en;
			hasScannedForEncodings = 0;
			knownRegions = (
				en,
				Base,
			);
			mainGroup = 65FE6F58211640C1009BECBD;
			productRefGroup = 65FE6F62211640C1009BECBD /* Products */;
			projectDirPath = "";
			projectRoot = "";
			targets = (
				65FE6F60211640C1009BECBD /* Fokus */,
				65FE6F78211646A7009BECBD /* WindowLayout */,
				65E27146211CE16100A90FC1 /* DotfileParser */,
				654F003E2139540200141A21 /* DotfileParserTests */,
			);
		};
/* End PBXProject section */

/* Begin PBXResourcesBuildPhase section */
		654F003D2139540200141A21 /* Resources */ = {
			isa = PBXResourcesBuildPhase;
			buildActionMask = 2147483647;
			files = (
				654F004B213955FF00141A21 /* dotfile in Resources */,
			);
			runOnlyForDeploymentPostprocessing = 0;
		};
		65E27145211CE16100A90FC1 /* Resources */ = {
			isa = PBXResourcesBuildPhase;
			buildActionMask = 2147483647;
			files = (
			);
			runOnlyForDeploymentPostprocessing = 0;
		};
		65FE6F5F211640C1009BECBD /* Resources */ = {
			isa = PBXResourcesBuildPhase;
			buildActionMask = 2147483647;
			files = (
				65FE6F67211640C2009BECBD /* Assets.xcassets in Resources */,
			);
			runOnlyForDeploymentPostprocessing = 0;
		};
		65FE6F77211646A7009BECBD /* Resources */ = {
			isa = PBXResourcesBuildPhase;
			buildActionMask = 2147483647;
			files = (
			);
			runOnlyForDeploymentPostprocessing = 0;
		};
/* End PBXResourcesBuildPhase section */

/* Begin PBXSourcesBuildPhase section */
		654F003B2139540200141A21 /* Sources */ = {
			isa = PBXSourcesBuildPhase;
			buildActionMask = 2147483647;
			files = (
				659AE7932139ED7A00C2E7D2 /* ParserTests.swift in Sources */,
				654F00422139540200141A21 /* LexerTests.swift in Sources */,
			);
			runOnlyForDeploymentPostprocessing = 0;
		};
		65E27142211CE16100A90FC1 /* Sources */ = {
			isa = PBXSourcesBuildPhase;
			buildActionMask = 2147483647;
			files = (
				65B3BCFE211F055200F20D57 /* Parser.swift in Sources */,
				659AE7912139E75F00C2E7D2 /* AST.swift in Sources */,
				65521CB5211F1BF600A77D23 /* Language.swift in Sources */,
				659AE78F2139D67E00C2E7D2 /* String+Regex.swift in Sources */,
				65B3BCFC211E46E900F20D57 /* CaseIterable.swift in Sources */,
				65E27165211CE17C00A90FC1 /* Lexer.swift in Sources */,
				65E27167211CE9EA00A90FC1 /* Dotfile.swift in Sources */,
			);
			runOnlyForDeploymentPostprocessing = 0;
		};
		65FE6F5D211640C1009BECBD /* Sources */ = {
			isa = PBXSourcesBuildPhase;
			buildActionMask = 2147483647;
			files = (
				65FE6F65211640C1009BECBD /* AppDelegate.swift in Sources */,
				659AE79D213ABFF200C2E7D2 /* HotKeyController.swift in Sources */,
				659AE7A1213ADB5A00C2E7D2 /* FocusController.swift in Sources */,
				659AE79F213ACDD600C2E7D2 /* Modifer+ModifierFlags.swift in Sources */,
				659AE79B213A1CAF00C2E7D2 /* MenuController.swift in Sources */,
				6565E181213DA550009C81B1 /* Controller.swift in Sources */,
				659AE795213A0D8A00C2E7D2 /* main.swift in Sources */,
				65FE6FA4211652EE009BECBD /* WindowInfo.swift in Sources */,
				65FE6FA621166397009BECBD /* Accessibility.swift in Sources */,
				659AE799213A1BC400C2E7D2 /* AppController.swift in Sources */,
			);
			runOnlyForDeploymentPostprocessing = 0;
		};
		65FE6F74211646A7009BECBD /* Sources */ = {
			isa = PBXSourcesBuildPhase;
			buildActionMask = 2147483647;
			files = (
				65FE6F9A211646C2009BECBD /* Window.swift in Sources */,
				6557B3642117667900B203E0 /* Geometry.swift in Sources */,
				6557B36221175B9100B203E0 /* Axis.swift in Sources */,
				65FE6F9B211646C2009BECBD /* Screen.swift in Sources */,
				65FE6F9C211646C2009BECBD /* Direction.swift in Sources */,
			);
			runOnlyForDeploymentPostprocessing = 0;
		};
/* End PBXSourcesBuildPhase section */

/* Begin PBXTargetDependency section */
		654F00462139540200141A21 /* PBXTargetDependency */ = {
			isa = PBXTargetDependency;
			target = 65E27146211CE16100A90FC1 /* DotfileParser */;
			targetProxy = 654F00452139540200141A21 /* PBXContainerItemProxy */;
		};
		65E2715B211CE16200A90FC1 /* PBXTargetDependency */ = {
			isa = PBXTargetDependency;
			target = 65E27146211CE16100A90FC1 /* DotfileParser */;
			targetProxy = 65E2715A211CE16200A90FC1 /* PBXContainerItemProxy */;
		};
		65FE6F8D211646A8009BECBD /* PBXTargetDependency */ = {
			isa = PBXTargetDependency;
			target = 65FE6F78211646A7009BECBD /* WindowLayout */;
			targetProxy = 65FE6F8C211646A8009BECBD /* PBXContainerItemProxy */;
		};
/* End PBXTargetDependency section */

/* Begin XCBuildConfiguration section */
		654F00472139540200141A21 /* Debug */ = {
			isa = XCBuildConfiguration;
			buildSettings = {
				CODE_SIGN_STYLE = Automatic;
				COMBINE_HIDPI_IMAGES = YES;
				DEVELOPMENT_TEAM = 3JMWW3SW7U;
				INFOPLIST_FILE = DotfileParser/Tests/Info.plist;
				LD_RUNPATH_SEARCH_PATHS = (
					"$(inherited)",
					"@executable_path/../Frameworks",
					"@loader_path/../Frameworks",
				);
				PRODUCT_BUNDLE_IDENTIFIER = com.dnlggr.DotfileParserTests;
				PRODUCT_NAME = "$(TARGET_NAME)";
				SWIFT_VERSION = 4.2;
			};
			name = Debug;
		};
		654F00482139540200141A21 /* Release */ = {
			isa = XCBuildConfiguration;
			buildSettings = {
				CODE_SIGN_STYLE = Automatic;
				COMBINE_HIDPI_IMAGES = YES;
				DEVELOPMENT_TEAM = 3JMWW3SW7U;
				INFOPLIST_FILE = DotfileParser/Tests/Info.plist;
				LD_RUNPATH_SEARCH_PATHS = (
					"$(inherited)",
					"@executable_path/../Frameworks",
					"@loader_path/../Frameworks",
				);
				PRODUCT_BUNDLE_IDENTIFIER = com.dnlggr.DotfileParserTests;
				PRODUCT_NAME = "$(TARGET_NAME)";
				SWIFT_VERSION = 4.2;
			};
			name = Release;
		};
		65E2715F211CE16200A90FC1 /* Debug */ = {
			isa = XCBuildConfiguration;
			buildSettings = {
				CLANG_ENABLE_MODULES = YES;
				CODE_SIGN_IDENTITY = "";
				CODE_SIGN_STYLE = Automatic;
				COMBINE_HIDPI_IMAGES = YES;
				CURRENT_PROJECT_VERSION = 1;
				DEFINES_MODULE = YES;
				DEVELOPMENT_TEAM = 3JMWW3SW7U;
				DYLIB_COMPATIBILITY_VERSION = 1;
				DYLIB_CURRENT_VERSION = 1;
				DYLIB_INSTALL_NAME_BASE = "@rpath";
				FRAMEWORK_VERSION = A;
				INFOPLIST_FILE = DotfileParser/Info.plist;
				INSTALL_PATH = "$(LOCAL_LIBRARY_DIR)/Frameworks";
				LD_RUNPATH_SEARCH_PATHS = (
					"$(inherited)",
					"@executable_path/../Frameworks",
					"@loader_path/Frameworks",
				);
				PRODUCT_BUNDLE_IDENTIFIER = com.dnlggr.DotfileParser;
				PRODUCT_NAME = "$(TARGET_NAME:c99extidentifier)";
				SKIP_INSTALL = YES;
				SWIFT_OPTIMIZATION_LEVEL = "-Onone";
				SWIFT_VERSION = 4.2;
				VERSIONING_SYSTEM = "apple-generic";
				VERSION_INFO_PREFIX = "";
			};
			name = Debug;
		};
		65E27160211CE16200A90FC1 /* Release */ = {
			isa = XCBuildConfiguration;
			buildSettings = {
				CLANG_ENABLE_MODULES = YES;
				CODE_SIGN_IDENTITY = "";
				CODE_SIGN_STYLE = Automatic;
				COMBINE_HIDPI_IMAGES = YES;
				CURRENT_PROJECT_VERSION = 1;
				DEFINES_MODULE = YES;
				DEVELOPMENT_TEAM = 3JMWW3SW7U;
				DYLIB_COMPATIBILITY_VERSION = 1;
				DYLIB_CURRENT_VERSION = 1;
				DYLIB_INSTALL_NAME_BASE = "@rpath";
				FRAMEWORK_VERSION = A;
				INFOPLIST_FILE = DotfileParser/Info.plist;
				INSTALL_PATH = "$(LOCAL_LIBRARY_DIR)/Frameworks";
				LD_RUNPATH_SEARCH_PATHS = (
					"$(inherited)",
					"@executable_path/../Frameworks",
					"@loader_path/Frameworks",
				);
				PRODUCT_BUNDLE_IDENTIFIER = com.dnlggr.DotfileParser;
				PRODUCT_NAME = "$(TARGET_NAME:c99extidentifier)";
				SKIP_INSTALL = YES;
				SWIFT_VERSION = 4.2;
				VERSIONING_SYSTEM = "apple-generic";
				VERSION_INFO_PREFIX = "";
			};
			name = Release;
		};
		65FE6F6D211640C2009BECBD /* Debug */ = {
			isa = XCBuildConfiguration;
			buildSettings = {
				ALWAYS_SEARCH_USER_PATHS = NO;
				CLANG_ANALYZER_NONNULL = YES;
				CLANG_ANALYZER_NUMBER_OBJECT_CONVERSION = YES_AGGRESSIVE;
				CLANG_CXX_LANGUAGE_STANDARD = "gnu++14";
				CLANG_CXX_LIBRARY = "libc++";
				CLANG_ENABLE_MODULES = YES;
				CLANG_ENABLE_OBJC_ARC = YES;
				CLANG_ENABLE_OBJC_WEAK = YES;
				CLANG_WARN_BLOCK_CAPTURE_AUTORELEASING = YES;
				CLANG_WARN_BOOL_CONVERSION = YES;
				CLANG_WARN_COMMA = YES;
				CLANG_WARN_CONSTANT_CONVERSION = YES;
				CLANG_WARN_DEPRECATED_OBJC_IMPLEMENTATIONS = YES;
				CLANG_WARN_DIRECT_OBJC_ISA_USAGE = YES_ERROR;
				CLANG_WARN_DOCUMENTATION_COMMENTS = YES;
				CLANG_WARN_EMPTY_BODY = YES;
				CLANG_WARN_ENUM_CONVERSION = YES;
				CLANG_WARN_INFINITE_RECURSION = YES;
				CLANG_WARN_INT_CONVERSION = YES;
				CLANG_WARN_NON_LITERAL_NULL_CONVERSION = YES;
				CLANG_WARN_OBJC_IMPLICIT_RETAIN_SELF = YES;
				CLANG_WARN_OBJC_LITERAL_CONVERSION = YES;
				CLANG_WARN_OBJC_ROOT_CLASS = YES_ERROR;
				CLANG_WARN_RANGE_LOOP_ANALYSIS = YES;
				CLANG_WARN_STRICT_PROTOTYPES = YES;
				CLANG_WARN_SUSPICIOUS_MOVE = YES;
				CLANG_WARN_UNGUARDED_AVAILABILITY = YES_AGGRESSIVE;
				CLANG_WARN_UNREACHABLE_CODE = YES;
				CLANG_WARN__DUPLICATE_METHOD_MATCH = YES;
				CODE_SIGN_IDENTITY = "Mac Developer";
				COPY_PHASE_STRIP = NO;
				DEBUG_INFORMATION_FORMAT = dwarf;
				ENABLE_STRICT_OBJC_MSGSEND = YES;
				ENABLE_TESTABILITY = YES;
				GCC_C_LANGUAGE_STANDARD = gnu11;
				GCC_DYNAMIC_NO_PIC = NO;
				GCC_NO_COMMON_BLOCKS = YES;
				GCC_OPTIMIZATION_LEVEL = 0;
				GCC_PREPROCESSOR_DEFINITIONS = (
					"DEBUG=1",
					"$(inherited)",
				);
				GCC_WARN_64_TO_32_BIT_CONVERSION = YES;
				GCC_WARN_ABOUT_RETURN_TYPE = YES_ERROR;
				GCC_WARN_UNDECLARED_SELECTOR = YES;
				GCC_WARN_UNINITIALIZED_AUTOS = YES_AGGRESSIVE;
				GCC_WARN_UNUSED_FUNCTION = YES;
				GCC_WARN_UNUSED_VARIABLE = YES;
				MACOSX_DEPLOYMENT_TARGET = 10.13;
				MTL_ENABLE_DEBUG_INFO = YES;
				ONLY_ACTIVE_ARCH = YES;
				SDKROOT = macosx;
				SWIFT_ACTIVE_COMPILATION_CONDITIONS = DEBUG;
				SWIFT_OPTIMIZATION_LEVEL = "-Onone";
			};
			name = Debug;
		};
		65FE6F6E211640C2009BECBD /* Release */ = {
			isa = XCBuildConfiguration;
			buildSettings = {
				ALWAYS_SEARCH_USER_PATHS = NO;
				CLANG_ANALYZER_NONNULL = YES;
				CLANG_ANALYZER_NUMBER_OBJECT_CONVERSION = YES_AGGRESSIVE;
				CLANG_CXX_LANGUAGE_STANDARD = "gnu++14";
				CLANG_CXX_LIBRARY = "libc++";
				CLANG_ENABLE_MODULES = YES;
				CLANG_ENABLE_OBJC_ARC = YES;
				CLANG_ENABLE_OBJC_WEAK = YES;
				CLANG_WARN_BLOCK_CAPTURE_AUTORELEASING = YES;
				CLANG_WARN_BOOL_CONVERSION = YES;
				CLANG_WARN_COMMA = YES;
				CLANG_WARN_CONSTANT_CONVERSION = YES;
				CLANG_WARN_DEPRECATED_OBJC_IMPLEMENTATIONS = YES;
				CLANG_WARN_DIRECT_OBJC_ISA_USAGE = YES_ERROR;
				CLANG_WARN_DOCUMENTATION_COMMENTS = YES;
				CLANG_WARN_EMPTY_BODY = YES;
				CLANG_WARN_ENUM_CONVERSION = YES;
				CLANG_WARN_INFINITE_RECURSION = YES;
				CLANG_WARN_INT_CONVERSION = YES;
				CLANG_WARN_NON_LITERAL_NULL_CONVERSION = YES;
				CLANG_WARN_OBJC_IMPLICIT_RETAIN_SELF = YES;
				CLANG_WARN_OBJC_LITERAL_CONVERSION = YES;
				CLANG_WARN_OBJC_ROOT_CLASS = YES_ERROR;
				CLANG_WARN_RANGE_LOOP_ANALYSIS = YES;
				CLANG_WARN_STRICT_PROTOTYPES = YES;
				CLANG_WARN_SUSPICIOUS_MOVE = YES;
				CLANG_WARN_UNGUARDED_AVAILABILITY = YES_AGGRESSIVE;
				CLANG_WARN_UNREACHABLE_CODE = YES;
				CLANG_WARN__DUPLICATE_METHOD_MATCH = YES;
				CODE_SIGN_IDENTITY = "Mac Developer";
				COPY_PHASE_STRIP = NO;
				DEBUG_INFORMATION_FORMAT = "dwarf-with-dsym";
				ENABLE_NS_ASSERTIONS = NO;
				ENABLE_STRICT_OBJC_MSGSEND = YES;
				GCC_C_LANGUAGE_STANDARD = gnu11;
				GCC_NO_COMMON_BLOCKS = YES;
				GCC_WARN_64_TO_32_BIT_CONVERSION = YES;
				GCC_WARN_ABOUT_RETURN_TYPE = YES_ERROR;
				GCC_WARN_UNDECLARED_SELECTOR = YES;
				GCC_WARN_UNINITIALIZED_AUTOS = YES_AGGRESSIVE;
				GCC_WARN_UNUSED_FUNCTION = YES;
				GCC_WARN_UNUSED_VARIABLE = YES;
				MACOSX_DEPLOYMENT_TARGET = 10.13;
				MTL_ENABLE_DEBUG_INFO = NO;
				SDKROOT = macosx;
				SWIFT_COMPILATION_MODE = wholemodule;
				SWIFT_OPTIMIZATION_LEVEL = "-O";
			};
			name = Release;
		};
		65FE6F70211640C2009BECBD /* Debug */ = {
			isa = XCBuildConfiguration;
			buildSettings = {
				ALWAYS_EMBED_SWIFT_STANDARD_LIBRARIES = YES;
				ASSETCATALOG_COMPILER_APPICON_NAME = AppIcon;
				CODE_SIGN_ENTITLEMENTS = Fokus/Fokus.entitlements;
				CODE_SIGN_IDENTITY = "Mac Developer";
				CODE_SIGN_STYLE = Automatic;
				COMBINE_HIDPI_IMAGES = YES;
				DEVELOPMENT_TEAM = 3JMWW3SW7U;
				FRAMEWORK_SEARCH_PATHS = (
					"$(inherited)",
					"$(PROJECT_DIR)/Carthage/Build/Mac",
				);
				INFOPLIST_FILE = Fokus/Info.plist;
				LD_RUNPATH_SEARCH_PATHS = (
					"$(inherited)",
					"@executable_path/../Frameworks",
				);
				PRODUCT_BUNDLE_IDENTIFIER = com.dnlggr.Fokus;
				PRODUCT_NAME = "$(TARGET_NAME)";
				PROVISIONING_PROFILE_SPECIFIER = "";
				SWIFT_VERSION = 4.2;
			};
			name = Debug;
		};
		65FE6F71211640C2009BECBD /* Release */ = {
			isa = XCBuildConfiguration;
			buildSettings = {
				ALWAYS_EMBED_SWIFT_STANDARD_LIBRARIES = YES;
				ASSETCATALOG_COMPILER_APPICON_NAME = AppIcon;
				CODE_SIGN_ENTITLEMENTS = Fokus/Fokus.entitlements;
				CODE_SIGN_IDENTITY = "Mac Developer";
				CODE_SIGN_STYLE = Automatic;
				COMBINE_HIDPI_IMAGES = YES;
				DEVELOPMENT_TEAM = 3JMWW3SW7U;
				FRAMEWORK_SEARCH_PATHS = (
					"$(inherited)",
					"$(PROJECT_DIR)/Carthage/Build/Mac",
				);
				INFOPLIST_FILE = Fokus/Info.plist;
				LD_RUNPATH_SEARCH_PATHS = (
					"$(inherited)",
					"@executable_path/../Frameworks",
				);
				PRODUCT_BUNDLE_IDENTIFIER = com.dnlggr.Fokus;
				PRODUCT_NAME = "$(TARGET_NAME)";
				PROVISIONING_PROFILE_SPECIFIER = "";
				SWIFT_VERSION = 4.2;
			};
			name = Release;
		};
		65FE6F90211646A8009BECBD /* Debug */ = {
			isa = XCBuildConfiguration;
			buildSettings = {
				CLANG_ENABLE_MODULES = YES;
				CODE_SIGN_IDENTITY = "";
				CODE_SIGN_STYLE = Automatic;
				COMBINE_HIDPI_IMAGES = YES;
				CURRENT_PROJECT_VERSION = 1;
				DEFINES_MODULE = YES;
				DEVELOPMENT_TEAM = 3JMWW3SW7U;
				DYLIB_COMPATIBILITY_VERSION = 1;
				DYLIB_CURRENT_VERSION = 1;
				DYLIB_INSTALL_NAME_BASE = "@rpath";
				FRAMEWORK_VERSION = A;
				INFOPLIST_FILE = WindowLayout/Info.plist;
				INSTALL_PATH = "$(LOCAL_LIBRARY_DIR)/Frameworks";
				LD_RUNPATH_SEARCH_PATHS = (
					"$(inherited)",
					"@executable_path/../Frameworks",
					"@loader_path/Frameworks",
				);
				PRODUCT_BUNDLE_IDENTIFIER = com.dnlggr.WindowLayout;
				PRODUCT_NAME = "$(TARGET_NAME:c99extidentifier)";
				SKIP_INSTALL = YES;
				SWIFT_OPTIMIZATION_LEVEL = "-Onone";
				SWIFT_VERSION = 4.2;
				VERSIONING_SYSTEM = "apple-generic";
				VERSION_INFO_PREFIX = "";
			};
			name = Debug;
		};
		65FE6F91211646A8009BECBD /* Release */ = {
			isa = XCBuildConfiguration;
			buildSettings = {
				CLANG_ENABLE_MODULES = YES;
				CODE_SIGN_IDENTITY = "";
				CODE_SIGN_STYLE = Automatic;
				COMBINE_HIDPI_IMAGES = YES;
				CURRENT_PROJECT_VERSION = 1;
				DEFINES_MODULE = YES;
				DEVELOPMENT_TEAM = 3JMWW3SW7U;
				DYLIB_COMPATIBILITY_VERSION = 1;
				DYLIB_CURRENT_VERSION = 1;
				DYLIB_INSTALL_NAME_BASE = "@rpath";
				FRAMEWORK_VERSION = A;
				INFOPLIST_FILE = WindowLayout/Info.plist;
				INSTALL_PATH = "$(LOCAL_LIBRARY_DIR)/Frameworks";
				LD_RUNPATH_SEARCH_PATHS = (
					"$(inherited)",
					"@executable_path/../Frameworks",
					"@loader_path/Frameworks",
				);
				PRODUCT_BUNDLE_IDENTIFIER = com.dnlggr.WindowLayout;
				PRODUCT_NAME = "$(TARGET_NAME:c99extidentifier)";
				SKIP_INSTALL = YES;
				SWIFT_VERSION = 4.2;
				VERSIONING_SYSTEM = "apple-generic";
				VERSION_INFO_PREFIX = "";
			};
			name = Release;
		};
/* End XCBuildConfiguration section */

/* Begin XCConfigurationList section */
		654F00492139540200141A21 /* Build configuration list for PBXNativeTarget "DotfileParserTests" */ = {
			isa = XCConfigurationList;
			buildConfigurations = (
				654F00472139540200141A21 /* Debug */,
				654F00482139540200141A21 /* Release */,
			);
			defaultConfigurationIsVisible = 0;
			defaultConfigurationName = Release;
		};
		65E2715E211CE16200A90FC1 /* Build configuration list for PBXNativeTarget "DotfileParser" */ = {
			isa = XCConfigurationList;
			buildConfigurations = (
				65E2715F211CE16200A90FC1 /* Debug */,
				65E27160211CE16200A90FC1 /* Release */,
			);
			defaultConfigurationIsVisible = 0;
			defaultConfigurationName = Release;
		};
		65FE6F5C211640C1009BECBD /* Build configuration list for PBXProject "Fokus" */ = {
			isa = XCConfigurationList;
			buildConfigurations = (
				65FE6F6D211640C2009BECBD /* Debug */,
				65FE6F6E211640C2009BECBD /* Release */,
			);
			defaultConfigurationIsVisible = 0;
			defaultConfigurationName = Release;
		};
		65FE6F6F211640C2009BECBD /* Build configuration list for PBXNativeTarget "Fokus" */ = {
			isa = XCConfigurationList;
			buildConfigurations = (
				65FE6F70211640C2009BECBD /* Debug */,
				65FE6F71211640C2009BECBD /* Release */,
			);
			defaultConfigurationIsVisible = 0;
			defaultConfigurationName = Release;
		};
		65FE6F94211646A8009BECBD /* Build configuration list for PBXNativeTarget "WindowLayout" */ = {
			isa = XCConfigurationList;
			buildConfigurations = (
				65FE6F90211646A8009BECBD /* Debug */,
				65FE6F91211646A8009BECBD /* Release */,
			);
			defaultConfigurationIsVisible = 0;
			defaultConfigurationName = Release;
		};
/* End XCConfigurationList section */
	};
	rootObject = 65FE6F59211640C1009BECBD /* Project object */;
}
